// !$*UTF8*$!
{
	archiveVersion = 1;
	classes = {
	};
	objectVersion = 46;
	objects = {

/* Begin PBXBuildFile section */
		5231BC801BEB7B150020AE09 /* myo.framework in Frameworks */ = {isa = PBXBuildFile; fileRef = 5231BC7E1BEB7B000020AE09 /* myo.framework */; };
		523275031BE2A20500E44F6B /* angleCalibration.cpp in Sources */ = {isa = PBXBuildFile; fileRef = 523275021BE2A20500E44F6B /* angleCalibration.cpp */; };
/* End PBXBuildFile section */

/* Begin PBXCopyFilesBuildPhase section */
		523274F61BE2A1E700E44F6B /* CopyFiles */ = {
			isa = PBXCopyFilesBuildPhase;
			buildActionMask = 2147483647;
			dstPath = /usr/share/man/man1/;
			dstSubfolderSpec = 0;
			files = (
			);
			runOnlyForDeploymentPostprocessing = 1;
		};
/* End PBXCopyFilesBuildPhase section */

/* Begin PBXFileReference section */
		5231BC7E1BEB7B000020AE09 /* myo.framework */ = {isa = PBXFileReference; lastKnownFileType = wrapper.framework; name = myo.framework; path = ../../../../../../../../../../Library/Frameworks/myo.framework; sourceTree = "<group>"; };
		523274F81BE2A1E700E44F6B /* angleCalibration */ = {isa = PBXFileReference; explicitFileType = "compiled.mach-o.executable"; includeInIndex = 0; path = angleCalibration; sourceTree = BUILT_PRODUCTS_DIR; };
		523275021BE2A20500E44F6B /* angleCalibration.cpp */ = {isa = PBXFileReference; fileEncoding = 4; lastKnownFileType = sourcecode.cpp.cpp; path = angleCalibration.cpp; sourceTree = SOURCE_ROOT; };
/* End PBXFileReference section */

/* Begin PBXFrameworksBuildPhase section */
		523274F51BE2A1E700E44F6B /* Frameworks */ = {
			isa = PBXFrameworksBuildPhase;
			buildActionMask = 2147483647;
			files = (
				5231BC801BEB7B150020AE09 /* myo.framework in Frameworks */,
			);
			runOnlyForDeploymentPostprocessing = 0;
		};
/* End PBXFrameworksBuildPhase section */

/* Begin PBXGroup section */
		523274EF1BE2A1E700E44F6B = {
			isa = PBXGroup;
			children = (
				5231BC7E1BEB7B000020AE09 /* myo.framework */,
				523274FA1BE2A1E700E44F6B /* angleCalibration */,
				523274F91BE2A1E700E44F6B /* Products */,
			);
			sourceTree = "<group>";
		};
		523274F91BE2A1E700E44F6B /* Products */ = {
			isa = PBXGroup;
			children = (
				523274F81BE2A1E700E44F6B /* angleCalibration */,
			);
			name = Products;
			sourceTree = "<group>";
		};
		523274FA1BE2A1E700E44F6B /* angleCalibration */ = {
			isa = PBXGroup;
			children = (
				523275021BE2A20500E44F6B /* angleCalibration.cpp */,
			);
			name = angleCalibration;
			path = myo2pd;
			sourceTree = "<group>";
		};
/* End PBXGroup section */

/* Begin PBXNativeTarget section */
		523274F71BE2A1E700E44F6B /* angleCalibration */ = {
			isa = PBXNativeTarget;
			buildConfigurationList = 523274FF1BE2A1E700E44F6B /* Build configuration list for PBXNativeTarget "angleCalibration" */;
			buildPhases = (
				523274F41BE2A1E700E44F6B /* Sources */,
				523274F51BE2A1E700E44F6B /* Frameworks */,
				523274F61BE2A1E700E44F6B /* CopyFiles */,
			);
			buildRules = (
			);
			dependencies = (
			);
			name = angleCalibration;
			productName = myo2pd;
			productReference = 523274F81BE2A1E700E44F6B /* angleCalibration */;
			productType = "com.apple.product-type.tool";
		};
/* End PBXNativeTarget section */

/* Begin PBXProject section */
		523274F01BE2A1E700E44F6B /* Project object */ = {
			isa = PBXProject;
			attributes = {
				LastUpgradeCheck = 0640;
				ORGANIZATIONNAME = SMC705;
				TargetAttributes = {
					523274F71BE2A1E700E44F6B = {
						CreatedOnToolsVersion = 6.4;
					};
				};
			};
			buildConfigurationList = 523274F31BE2A1E700E44F6B /* Build configuration list for PBXProject "angleCalibration" */;
			compatibilityVersion = "Xcode 3.2";
			developmentRegion = English;
			hasScannedForEncodings = 0;
			knownRegions = (
				en,
			);
			mainGroup = 523274EF1BE2A1E700E44F6B;
			productRefGroup = 523274F91BE2A1E700E44F6B /* Products */;
			projectDirPath = "";
			projectRoot = "";
			targets = (
				523274F71BE2A1E700E44F6B /* angleCalibration */,
			);
		};
/* End PBXProject section */

/* Begin PBXSourcesBuildPhase section */
		523274F41BE2A1E700E44F6B /* Sources */ = {
			isa = PBXSourcesBuildPhase;
			buildActionMask = 2147483647;
			files = (
				523275031BE2A20500E44F6B /* angleCalibration.cpp in Sources */,
			);
			runOnlyForDeploymentPostprocessing = 0;
		};
/* End PBXSourcesBuildPhase section */

/* Begin XCBuildConfiguration section */
		523274FD1BE2A1E700E44F6B /* Debug */ = {
			isa = XCBuildConfiguration;
			buildSettings = {
				ALWAYS_SEARCH_USER_PATHS = NO;
				CLANG_CXX_LANGUAGE_STANDARD = "gnu++0x";
				CLANG_CXX_LIBRARY = "libc++";
				CLANG_ENABLE_MODULES = YES;
				CLANG_ENABLE_OBJC_ARC = YES;
				CLANG_WARN_BOOL_CONVERSION = YES;
				CLANG_WARN_CONSTANT_CONVERSION = YES;
				CLANG_WARN_DIRECT_OBJC_ISA_USAGE = YES_ERROR;
				CLANG_WARN_EMPTY_BODY = YES;
				CLANG_WARN_ENUM_CONVERSION = YES;
				CLANG_WARN_INT_CONVERSION = YES;
				CLANG_WARN_OBJC_ROOT_CLASS = YES_ERROR;
				CLANG_WARN_UNREACHABLE_CODE = YES;
				CLANG_WARN__DUPLICATE_METHOD_MATCH = YES;
				COPY_PHASE_STRIP = NO;
				DEBUG_INFORMATION_FORMAT = dwarf;
				ENABLE_STRICT_OBJC_MSGSEND = YES;
				GCC_C_LANGUAGE_STANDARD = gnu99;
				GCC_DYNAMIC_NO_PIC = NO;
				GCC_NO_COMMON_BLOCKS = YES;
				GCC_OPTIMIZATION_LEVEL = 0;
				GCC_PREPROCESSOR_DEFINITIONS = (
					"DEBUG=1",
					"$(inherited)",
				);
				GCC_SYMBOLS_PRIVATE_EXTERN = NO;
				GCC_WARN_64_TO_32_BIT_CONVERSION = YES;
				GCC_WARN_ABOUT_RETURN_TYPE = YES_ERROR;
				GCC_WARN_UNDECLARED_SELECTOR = YES;
				GCC_WARN_UNINITIALIZED_AUTOS = YES_AGGRESSIVE;
				GCC_WARN_UNUSED_FUNCTION = YES;
				GCC_WARN_UNUSED_VARIABLE = YES;
				MACOSX_DEPLOYMENT_TARGET = 10.10;
				MTL_ENABLE_DEBUG_INFO = YES;
				ONLY_ACTIVE_ARCH = YES;
				SDKROOT = macosx;
			};
			name = Debug;
		};
		523274FE1BE2A1E700E44F6B /* Release */ = {
			isa = XCBuildConfiguration;
			buildSettings = {
				ALWAYS_SEARCH_USER_PATHS = NO;
				CLANG_CXX_LANGUAGE_STANDARD = "gnu++0x";
				CLANG_CXX_LIBRARY = "libc++";
				CLANG_ENABLE_MODULES = YES;
				CLANG_ENABLE_OBJC_ARC = YES;
				CLANG_WARN_BOOL_CONVERSION = YES;
				CLANG_WARN_CONSTANT_CONVERSION = YES;
				CLANG_WARN_DIRECT_OBJC_ISA_USAGE = YES_ERROR;
				CLANG_WARN_EMPTY_BODY = YES;
				CLANG_WARN_ENUM_CONVERSION = YES;
				CLANG_WARN_INT_CONVERSION = YES;
				CLANG_WARN_OBJC_ROOT_CLASS = YES_ERROR;
				CLANG_WARN_UNREACHABLE_CODE = YES;
				CLANG_WARN__DUPLICATE_METHOD_MATCH = YES;
				COPY_PHASE_STRIP = NO;
				DEBUG_INFORMATION_FORMAT = "dwarf-with-dsym";
				ENABLE_NS_ASSERTIONS = NO;
				ENABLE_STRICT_OBJC_MSGSEND = YES;
				GCC_C_LANGUAGE_STANDARD = gnu99;
				GCC_NO_COMMON_BLOCKS = YES;
				GCC_WARN_64_TO_32_BIT_CONVERSION = YES;
				GCC_WARN_ABOUT_RETURN_TYPE = YES_ERROR;
				GCC_WARN_UNDECLARED_SELECTOR = YES;
				GCC_WARN_UNINITIALIZED_AUTOS = YES_AGGRESSIVE;
				GCC_WARN_UNUSED_FUNCTION = YES;
				GCC_WARN_UNUSED_VARIABLE = YES;
				MACOSX_DEPLOYMENT_TARGET = 10.10;
				MTL_ENABLE_DEBUG_INFO = NO;
				SDKROOT = macosx;
			};
			name = Release;
		};
		523275001BE2A1E700E44F6B /* Debug */ = {
			isa = XCBuildConfiguration;
			buildSettings = {
				FRAMEWORK_SEARCH_PATHS = (
					"$(inherited)",
					"/Users/Paolo/Documents/AAU/2015-2016/Fall",
					Semester,
					"Project/MYO-SMC705/UDP/myo2pd",
					"$(LOCAL_LIBRARY_DIR)/Frameworks",
				);
				PRODUCT_NAME = angleCalibration;
			};
			name = Debug;
		};
		523275011BE2A1E700E44F6B /* Release */ = {
			isa = XCBuildConfiguration;
			buildSettings = {
				FRAMEWORK_SEARCH_PATHS = (
					"$(inherited)",
					"/Users/Paolo/Documents/AAU/2015-2016/Fall",
					Semester,
					"Project/MYO-SMC705/UDP/myo2pd",
					"$(LOCAL_LIBRARY_DIR)/Frameworks",
				);
				PRODUCT_NAME = angleCalibration;
			};
			name = Release;
		};
/* End XCBuildConfiguration section */

/* Begin XCConfigurationList section */
		523274F31BE2A1E700E44F6B /* Build configuration list for PBXProject "angleCalibration" */ = {
			isa = XCConfigurationList;
			buildConfigurations = (
				523274FD1BE2A1E700E44F6B /* Debug */,
				523274FE1BE2A1E700E44F6B /* Release */,
			);
			defaultConfigurationIsVisible = 0;
			defaultConfigurationName = Release;
		};
		523274FF1BE2A1E700E44F6B /* Build configuration list for PBXNativeTarget "angleCalibration" */ = {
			isa = XCConfigurationList;
			buildConfigurations = (
				523275001BE2A1E700E44F6B /* Debug */,
				523275011BE2A1E700E44F6B /* Release */,
			);
			defaultConfigurationIsVisible = 0;
			defaultConfigurationName = Release;
		};
/* End XCConfigurationList section */
	};
	rootObject = 523274F01BE2A1E700E44F6B /* Project object */;
}
